{
  "name": "punchcard-presence",
  "version": "1.0.1",
  "lockfileVersion": 3,
  "requires": true,
  "packages": {
    "": {
      "name": "punchcard-presence",
      "version": "1.0.1",
      "hasInstallScript": true,
      "license": "MIT",
      "bin": {
        "punchcard": "bin/cli.js"
      },
      "engines": {
        "node": ">=18"
      }
    }
  }
}
